// !$*UTF8*$!
{
	archiveVersion = 1;
	classes = {
	};
	objectVersion = 46;
	objects = {

/* Begin PBXBuildFile section */
		7A3C238A41956FA355588E8D /* Pods_weathere.framework in Frameworks */ = {isa = PBXBuildFile; fileRef = D8949627731D7BA55894334B /* Pods_weathere.framework */; };
		BF24EDB91F0E3BF100658BF6 /* MapViewController.swift in Sources */ = {isa = PBXBuildFile; fileRef = BF24EDB81F0E3BF100658BF6 /* MapViewController.swift */; };
		BF470E021F0AB8EF00811E4B /* AppDelegate.swift in Sources */ = {isa = PBXBuildFile; fileRef = BF470E011F0AB8EF00811E4B /* AppDelegate.swift */; };
		BF470E041F0AB8EF00811E4B /* ViewController.swift in Sources */ = {isa = PBXBuildFile; fileRef = BF470E031F0AB8EF00811E4B /* ViewController.swift */; };
		BF470E071F0AB8EF00811E4B /* Main.storyboard in Resources */ = {isa = PBXBuildFile; fileRef = BF470E051F0AB8EF00811E4B /* Main.storyboard */; };
		BF470E0A1F0AB8EF00811E4B /* weathere.xcdatamodeld in Sources */ = {isa = PBXBuildFile; fileRef = BF470E081F0AB8EF00811E4B /* weathere.xcdatamodeld */; };
		BF470E0C1F0AB8EF00811E4B /* Assets.xcassets in Resources */ = {isa = PBXBuildFile; fileRef = BF470E0B1F0AB8EF00811E4B /* Assets.xcassets */; };
		BF470E0F1F0AB8EF00811E4B /* LaunchScreen.storyboard in Resources */ = {isa = PBXBuildFile; fileRef = BF470E0D1F0AB8EF00811E4B /* LaunchScreen.storyboard */; };
		BF470E1A1F0AB8EF00811E4B /* weathereTests.swift in Sources */ = {isa = PBXBuildFile; fileRef = BF470E191F0AB8EF00811E4B /* weathereTests.swift */; };
		BF470E251F0AB8EF00811E4B /* weathereUITests.swift in Sources */ = {isa = PBXBuildFile; fileRef = BF470E241F0AB8EF00811E4B /* weathereUITests.swift */; };
		BF7D7A481F178F900067FB4C /* DataMan.swift in Sources */ = {isa = PBXBuildFile; fileRef = BF7D7A471F178F900067FB4C /* DataMan.swift */; };
		BF7D7A4A1F1793E70067FB4C /* POIData.swift in Sources */ = {isa = PBXBuildFile; fileRef = BF7D7A491F1793E70067FB4C /* POIData.swift */; };
		BF7D7A4C1F17A2EE0067FB4C /* Temp.swift in Sources */ = {isa = PBXBuildFile; fileRef = BF7D7A4B1F17A2EE0067FB4C /* Temp.swift */; };
		BF8354611F0E7DB200DBE9CA /* map-pointer_icon-icons.com_53949.png in Resources */ = {isa = PBXBuildFile; fileRef = BF8354601F0E7DB200DBE9CA /* map-pointer_icon-icons.com_53949.png */; };
		BF90504E1F1381E8004F71CE /* TheMainList.swift in Sources */ = {isa = PBXBuildFile; fileRef = BF90504D1F1381E8004F71CE /* TheMainList.swift */; };
		BF9050501F139A8C004F71CE /* POI.swift in Sources */ = {isa = PBXBuildFile; fileRef = BF90504F1F139A8C004F71CE /* POI.swift */; };
		BF9050521F139EF9004F71CE /* TheMainListCell.swift in Sources */ = {isa = PBXBuildFile; fileRef = BF9050511F139EF9004F71CE /* TheMainListCell.swift */; };
		BF9050541F13B775004F71CE /* WebViewController.swift in Sources */ = {isa = PBXBuildFile; fileRef = BF9050531F13B775004F71CE /* WebViewController.swift */; };
		BFAB7B491F25EDF500FBCE7E /* FilesTasks.swift in Sources */ = {isa = PBXBuildFile; fileRef = BFAB7B481F25EDF500FBCE7E /* FilesTasks.swift */; };
		BFCFB13B1F1CF0BE00B38E8C /* imav.png in Resources */ = {isa = PBXBuildFile; fileRef = BFCFB13A1F1CF0BE00B38E8C /* imav.png */; };
		D72A62E6E13D7DA4AE03FDC9 /* Pods_weathereUITests.framework in Frameworks */ = {isa = PBXBuildFile; fileRef = 629D1797E6E4968F3FC93631 /* Pods_weathereUITests.framework */; };
		D7B2878EC24219D38B78F229 /* Pods_weathereTests.framework in Frameworks */ = {isa = PBXBuildFile; fileRef = BAE00980D53D36F39120B51F /* Pods_weathereTests.framework */; };
/* End PBXBuildFile section */

/* Begin PBXContainerItemProxy section */
		BF470E161F0AB8EF00811E4B /* PBXContainerItemProxy */ = {
			isa = PBXContainerItemProxy;
			containerPortal = BF470DF61F0AB8EF00811E4B /* Project object */;
			proxyType = 1;
			remoteGlobalIDString = BF470DFD1F0AB8EF00811E4B;
			remoteInfo = weathere;
		};
		BF470E211F0AB8EF00811E4B /* PBXContainerItemProxy */ = {
			isa = PBXContainerItemProxy;
			containerPortal = BF470DF61F0AB8EF00811E4B /* Project object */;
			proxyType = 1;
			remoteGlobalIDString = BF470DFD1F0AB8EF00811E4B;
			remoteInfo = weathere;
		};
/* End PBXContainerItemProxy section */

/* Begin PBXFileReference section */
		2D5033692EE4FFC6A11DBB06 /* Pods-weathereTests.debug.xcconfig */ = {isa = PBXFileReference; includeInIndex = 1; lastKnownFileType = text.xcconfig; name = "Pods-weathereTests.debug.xcconfig"; path = "Pods/Target Support Files/Pods-weathereTests/Pods-weathereTests.debug.xcconfig"; sourceTree = "<group>"; };
		518098E9E9F42C15FBBCD739 /* Pods-weathere.debug.xcconfig */ = {isa = PBXFileReference; includeInIndex = 1; lastKnownFileType = text.xcconfig; name = "Pods-weathere.debug.xcconfig"; path = "Pods/Target Support Files/Pods-weathere/Pods-weathere.debug.xcconfig"; sourceTree = "<group>"; };
		629D1797E6E4968F3FC93631 /* Pods_weathereUITests.framework */ = {isa = PBXFileReference; explicitFileType = wrapper.framework; includeInIndex = 0; path = Pods_weathereUITests.framework; sourceTree = BUILT_PRODUCTS_DIR; };
		76FA915252165C4A94CB5AF5 /* Pods-weathere.release.xcconfig */ = {isa = PBXFileReference; includeInIndex = 1; lastKnownFileType = text.xcconfig; name = "Pods-weathere.release.xcconfig"; path = "Pods/Target Support Files/Pods-weathere/Pods-weathere.release.xcconfig"; sourceTree = "<group>"; };
		7A1AFD12D268A295E67DD851 /* Pods-weathereTests.release.xcconfig */ = {isa = PBXFileReference; includeInIndex = 1; lastKnownFileType = text.xcconfig; name = "Pods-weathereTests.release.xcconfig"; path = "Pods/Target Support Files/Pods-weathereTests/Pods-weathereTests.release.xcconfig"; sourceTree = "<group>"; };
		BAE00980D53D36F39120B51F /* Pods_weathereTests.framework */ = {isa = PBXFileReference; explicitFileType = wrapper.framework; includeInIndex = 0; path = Pods_weathereTests.framework; sourceTree = BUILT_PRODUCTS_DIR; };
		BF24EDB81F0E3BF100658BF6 /* MapViewController.swift */ = {isa = PBXFileReference; fileEncoding = 4; lastKnownFileType = sourcecode.swift; path = MapViewController.swift; sourceTree = "<group>"; };
		BF470DFE1F0AB8EF00811E4B /* weathere.app */ = {isa = PBXFileReference; explicitFileType = wrapper.application; includeInIndex = 0; path = weathere.app; sourceTree = BUILT_PRODUCTS_DIR; };
		BF470E011F0AB8EF00811E4B /* AppDelegate.swift */ = {isa = PBXFileReference; lastKnownFileType = sourcecode.swift; path = AppDelegate.swift; sourceTree = "<group>"; };
		BF470E031F0AB8EF00811E4B /* ViewController.swift */ = {isa = PBXFileReference; lastKnownFileType = sourcecode.swift; path = ViewController.swift; sourceTree = "<group>"; };
		BF470E061F0AB8EF00811E4B /* Base */ = {isa = PBXFileReference; lastKnownFileType = file.storyboard; name = Base; path = Base.lproj/Main.storyboard; sourceTree = "<group>"; };
		BF470E091F0AB8EF00811E4B /* weathere.xcdatamodel */ = {isa = PBXFileReference; lastKnownFileType = wrapper.xcdatamodel; path = weathere.xcdatamodel; sourceTree = "<group>"; };
		BF470E0B1F0AB8EF00811E4B /* Assets.xcassets */ = {isa = PBXFileReference; lastKnownFileType = folder.assetcatalog; path = Assets.xcassets; sourceTree = "<group>"; };
		BF470E0E1F0AB8EF00811E4B /* Base */ = {isa = PBXFileReference; lastKnownFileType = file.storyboard; name = Base; path = Base.lproj/LaunchScreen.storyboard; sourceTree = "<group>"; };
		BF470E101F0AB8EF00811E4B /* Info.plist */ = {isa = PBXFileReference; lastKnownFileType = text.plist.xml; path = Info.plist; sourceTree = "<group>"; };
		BF470E151F0AB8EF00811E4B /* weathereTests.xctest */ = {isa = PBXFileReference; explicitFileType = wrapper.cfbundle; includeInIndex = 0; path = weathereTests.xctest; sourceTree = BUILT_PRODUCTS_DIR; };
		BF470E191F0AB8EF00811E4B /* weathereTests.swift */ = {isa = PBXFileReference; lastKnownFileType = sourcecode.swift; path = weathereTests.swift; sourceTree = "<group>"; };
		BF470E1B1F0AB8EF00811E4B /* Info.plist */ = {isa = PBXFileReference; lastKnownFileType = text.plist.xml; path = Info.plist; sourceTree = "<group>"; };
		BF470E201F0AB8EF00811E4B /* weathereUITests.xctest */ = {isa = PBXFileReference; explicitFileType = wrapper.cfbundle; includeInIndex = 0; path = weathereUITests.xctest; sourceTree = BUILT_PRODUCTS_DIR; };
		BF470E241F0AB8EF00811E4B /* weathereUITests.swift */ = {isa = PBXFileReference; lastKnownFileType = sourcecode.swift; path = weathereUITests.swift; sourceTree = "<group>"; };
		BF470E261F0AB8EF00811E4B /* Info.plist */ = {isa = PBXFileReference; lastKnownFileType = text.plist.xml; path = Info.plist; sourceTree = "<group>"; };
		BF7D7A471F178F900067FB4C /* DataMan.swift */ = {isa = PBXFileReference; fileEncoding = 4; lastKnownFileType = sourcecode.swift; path = DataMan.swift; sourceTree = "<group>"; };
		BF7D7A491F1793E70067FB4C /* POIData.swift */ = {isa = PBXFileReference; fileEncoding = 4; lastKnownFileType = sourcecode.swift; path = POIData.swift; sourceTree = "<group>"; };
		BF7D7A4B1F17A2EE0067FB4C /* Temp.swift */ = {isa = PBXFileReference; fileEncoding = 4; lastKnownFileType = sourcecode.swift; path = Temp.swift; sourceTree = "<group>"; };
		BF8354601F0E7DB200DBE9CA /* map-pointer_icon-icons.com_53949.png */ = {isa = PBXFileReference; lastKnownFileType = image.png; name = "map-pointer_icon-icons.com_53949.png"; path = "icons/map-pointer_icon-icons.com_53949.png"; sourceTree = "<group>"; };
		BF90504D1F1381E8004F71CE /* TheMainList.swift */ = {isa = PBXFileReference; fileEncoding = 4; lastKnownFileType = sourcecode.swift; path = TheMainList.swift; sourceTree = "<group>"; };
		BF90504F1F139A8C004F71CE /* POI.swift */ = {isa = PBXFileReference; fileEncoding = 4; lastKnownFileType = sourcecode.swift; path = POI.swift; sourceTree = "<group>"; };
		BF9050511F139EF9004F71CE /* TheMainListCell.swift */ = {isa = PBXFileReference; fileEncoding = 4; lastKnownFileType = sourcecode.swift; path = TheMainListCell.swift; sourceTree = "<group>"; };
		BF9050531F13B775004F71CE /* WebViewController.swift */ = {isa = PBXFileReference; fileEncoding = 4; lastKnownFileType = sourcecode.swift; path = WebViewController.swift; sourceTree = "<group>"; };
		BFAB7B481F25EDF500FBCE7E /* FilesTasks.swift */ = {isa = PBXFileReference; fileEncoding = 4; lastKnownFileType = sourcecode.swift; path = FilesTasks.swift; sourceTree = "<group>"; };
		BFCFB13A1F1CF0BE00B38E8C /* imav.png */ = {isa = PBXFileReference; lastKnownFileType = image.png; path = imav.png; sourceTree = "<group>"; };
		D8949627731D7BA55894334B /* Pods_weathere.framework */ = {isa = PBXFileReference; explicitFileType = wrapper.framework; includeInIndex = 0; path = Pods_weathere.framework; sourceTree = BUILT_PRODUCTS_DIR; };
		EAB8E7742249A77BBAE13E5B /* Pods-weathereUITests.release.xcconfig */ = {isa = PBXFileReference; includeInIndex = 1; lastKnownFileType = text.xcconfig; name = "Pods-weathereUITests.release.xcconfig"; path = "Pods/Target Support Files/Pods-weathereUITests/Pods-weathereUITests.release.xcconfig"; sourceTree = "<group>"; };
		EF0797EF241C83FDFF4CC7A6 /* Pods-weathereUITests.debug.xcconfig */ = {isa = PBXFileReference; includeInIndex = 1; lastKnownFileType = text.xcconfig; name = "Pods-weathereUITests.debug.xcconfig"; path = "Pods/Target Support Files/Pods-weathereUITests/Pods-weathereUITests.debug.xcconfig"; sourceTree = "<group>"; };
/* End PBXFileReference section */

/* Begin PBXFrameworksBuildPhase section */
		BF470DFB1F0AB8EF00811E4B /* Frameworks */ = {
			isa = PBXFrameworksBuildPhase;
			buildActionMask = 2147483647;
			files = (
				7A3C238A41956FA355588E8D /* Pods_weathere.framework in Frameworks */,
			);
			runOnlyForDeploymentPostprocessing = 0;
		};
		BF470E121F0AB8EF00811E4B /* Frameworks */ = {
			isa = PBXFrameworksBuildPhase;
			buildActionMask = 2147483647;
			files = (
				D7B2878EC24219D38B78F229 /* Pods_weathereTests.framework in Frameworks */,
			);
			runOnlyForDeploymentPostprocessing = 0;
		};
		BF470E1D1F0AB8EF00811E4B /* Frameworks */ = {
			isa = PBXFrameworksBuildPhase;
			buildActionMask = 2147483647;
			files = (
				D72A62E6E13D7DA4AE03FDC9 /* Pods_weathereUITests.framework in Frameworks */,
			);
			runOnlyForDeploymentPostprocessing = 0;
		};
/* End PBXFrameworksBuildPhase section */

/* Begin PBXGroup section */
		0DA3A8671DD8CBDD833AAA4B /* Frameworks */ = {
			isa = PBXGroup;
			children = (
				D8949627731D7BA55894334B /* Pods_weathere.framework */,
				BAE00980D53D36F39120B51F /* Pods_weathereTests.framework */,
				629D1797E6E4968F3FC93631 /* Pods_weathereUITests.framework */,
			);
			name = Frameworks;
			sourceTree = "<group>";
		};
		BF470DF51F0AB8EF00811E4B = {
			isa = PBXGroup;
			children = (
				BF83545F1F0E7D9500DBE9CA /* icons */,
				BF470E001F0AB8EF00811E4B /* weathere */,
				BF470E181F0AB8EF00811E4B /* weathereTests */,
				BF470E231F0AB8EF00811E4B /* weathereUITests */,
				BF470DFF1F0AB8EF00811E4B /* Products */,
				E5F00FF806637B7E50B19BEE /* Pods */,
				0DA3A8671DD8CBDD833AAA4B /* Frameworks */,
			);
			sourceTree = "<group>";
		};
		BF470DFF1F0AB8EF00811E4B /* Products */ = {
			isa = PBXGroup;
			children = (
				BF470DFE1F0AB8EF00811E4B /* weathere.app */,
				BF470E151F0AB8EF00811E4B /* weathereTests.xctest */,
				BF470E201F0AB8EF00811E4B /* weathereUITests.xctest */,
			);
			name = Products;
			sourceTree = "<group>";
		};
		BF470E001F0AB8EF00811E4B /* weathere */ = {
			isa = PBXGroup;
			children = (
				BF470E011F0AB8EF00811E4B /* AppDelegate.swift */,
				BF470E031F0AB8EF00811E4B /* ViewController.swift */,
				BF7D7A471F178F900067FB4C /* DataMan.swift */,
				BF7D7A4B1F17A2EE0067FB4C /* Temp.swift */,
				BF7D7A491F1793E70067FB4C /* POIData.swift */,
				BFCFB13A1F1CF0BE00B38E8C /* imav.png */,
				BF90504F1F139A8C004F71CE /* POI.swift */,
				BF90504D1F1381E8004F71CE /* TheMainList.swift */,
				BFAB7B481F25EDF500FBCE7E /* FilesTasks.swift */,
				BF9050511F139EF9004F71CE /* TheMainListCell.swift */,
				BF470E051F0AB8EF00811E4B /* Main.storyboard */,
				BF9050531F13B775004F71CE /* WebViewController.swift */,
				BF24EDB81F0E3BF100658BF6 /* MapViewController.swift */,
				BF470E0B1F0AB8EF00811E4B /* Assets.xcassets */,
				BF470E0D1F0AB8EF00811E4B /* LaunchScreen.storyboard */,
				BF470E101F0AB8EF00811E4B /* Info.plist */,
				BF470E081F0AB8EF00811E4B /* weathere.xcdatamodeld */,
			);
			path = weathere;
			sourceTree = "<group>";
		};
		BF470E181F0AB8EF00811E4B /* weathereTests */ = {
			isa = PBXGroup;
			children = (
				BF470E191F0AB8EF00811E4B /* weathereTests.swift */,
				BF470E1B1F0AB8EF00811E4B /* Info.plist */,
			);
			path = weathereTests;
			sourceTree = "<group>";
		};
		BF470E231F0AB8EF00811E4B /* weathereUITests */ = {
			isa = PBXGroup;
			children = (
				BF470E241F0AB8EF00811E4B /* weathereUITests.swift */,
				BF470E261F0AB8EF00811E4B /* Info.plist */,
			);
			path = weathereUITests;
			sourceTree = "<group>";
		};
		BF83545F1F0E7D9500DBE9CA /* icons */ = {
			isa = PBXGroup;
			children = (
				BF8354601F0E7DB200DBE9CA /* map-pointer_icon-icons.com_53949.png */,
			);
			name = icons;
			sourceTree = "<group>";
		};
		E5F00FF806637B7E50B19BEE /* Pods */ = {
			isa = PBXGroup;
			children = (
				518098E9E9F42C15FBBCD739 /* Pods-weathere.debug.xcconfig */,
				76FA915252165C4A94CB5AF5 /* Pods-weathere.release.xcconfig */,
				2D5033692EE4FFC6A11DBB06 /* Pods-weathereTests.debug.xcconfig */,
				7A1AFD12D268A295E67DD851 /* Pods-weathereTests.release.xcconfig */,
				EF0797EF241C83FDFF4CC7A6 /* Pods-weathereUITests.debug.xcconfig */,
				EAB8E7742249A77BBAE13E5B /* Pods-weathereUITests.release.xcconfig */,
			);
			name = Pods;
			sourceTree = "<group>";
		};
/* End PBXGroup section */

/* Begin PBXNativeTarget section */
		BF470DFD1F0AB8EF00811E4B /* weathere */ = {
			isa = PBXNativeTarget;
			buildConfigurationList = BF470E291F0AB8EF00811E4B /* Build configuration list for PBXNativeTarget "weathere" */;
			buildPhases = (
				DD1F27CC2E2D67E7F2208A58 /* [CP] Check Pods Manifest.lock */,
				BF470DFA1F0AB8EF00811E4B /* Sources */,
				BF470DFB1F0AB8EF00811E4B /* Frameworks */,
				BF470DFC1F0AB8EF00811E4B /* Resources */,
				5B7FB749F14CD41F28803998 /* [CP] Embed Pods Frameworks */,
				9010FAE1CD601092061B1516 /* [CP] Copy Pods Resources */,
			);
			buildRules = (
			);
			dependencies = (
			);
			name = weathere;
			productName = weathere;
			productReference = BF470DFE1F0AB8EF00811E4B /* weathere.app */;
			productType = "com.apple.product-type.application";
		};
		BF470E141F0AB8EF00811E4B /* weathereTests */ = {
			isa = PBXNativeTarget;
			buildConfigurationList = BF470E2C1F0AB8EF00811E4B /* Build configuration list for PBXNativeTarget "weathereTests" */;
			buildPhases = (
				388474DBE2A93298C8FBD3F6 /* [CP] Check Pods Manifest.lock */,
				BF470E111F0AB8EF00811E4B /* Sources */,
				BF470E121F0AB8EF00811E4B /* Frameworks */,
				BF470E131F0AB8EF00811E4B /* Resources */,
				1E575CA7FC933B27791A5EF9 /* [CP] Embed Pods Frameworks */,
				EB105F95920F4663BCAEDA1A /* [CP] Copy Pods Resources */,
			);
			buildRules = (
			);
			dependencies = (
				BF470E171F0AB8EF00811E4B /* PBXTargetDependency */,
			);
			name = weathereTests;
			productName = weathereTests;
			productReference = BF470E151F0AB8EF00811E4B /* weathereTests.xctest */;
			productType = "com.apple.product-type.bundle.unit-test";
		};
		BF470E1F1F0AB8EF00811E4B /* weathereUITests */ = {
			isa = PBXNativeTarget;
			buildConfigurationList = BF470E2F1F0AB8EF00811E4B /* Build configuration list for PBXNativeTarget "weathereUITests" */;
			buildPhases = (
				C1CB44278D3E37B3CB844B06 /* [CP] Check Pods Manifest.lock */,
				BF470E1C1F0AB8EF00811E4B /* Sources */,
				BF470E1D1F0AB8EF00811E4B /* Frameworks */,
				BF470E1E1F0AB8EF00811E4B /* Resources */,
				4D0E4C9A7AB80A49E97828F3 /* [CP] Embed Pods Frameworks */,
				53CAFF524C8A4B66CA88D903 /* [CP] Copy Pods Resources */,
			);
			buildRules = (
			);
			dependencies = (
				BF470E221F0AB8EF00811E4B /* PBXTargetDependency */,
			);
			name = weathereUITests;
			productName = weathereUITests;
			productReference = BF470E201F0AB8EF00811E4B /* weathereUITests.xctest */;
			productType = "com.apple.product-type.bundle.ui-testing";
		};
/* End PBXNativeTarget section */

/* Begin PBXProject section */
		BF470DF61F0AB8EF00811E4B /* Project object */ = {
			isa = PBXProject;
			attributes = {
				LastSwiftUpdateCheck = 0830;
				LastUpgradeCheck = 0830;
				ORGANIZATIONNAME = "Андрей Илалов";
				TargetAttributes = {
					BF470DFD1F0AB8EF00811E4B = {
						CreatedOnToolsVersion = 8.3.3;
						DevelopmentTeam = M5268ZTPTL;
						ProvisioningStyle = Automatic;
					};
					BF470E141F0AB8EF00811E4B = {
						CreatedOnToolsVersion = 8.3.3;
						DevelopmentTeam = M5268ZTPTL;
						ProvisioningStyle = Automatic;
						TestTargetID = BF470DFD1F0AB8EF00811E4B;
					};
					BF470E1F1F0AB8EF00811E4B = {
						CreatedOnToolsVersion = 8.3.3;
						DevelopmentTeam = M5268ZTPTL;
						ProvisioningStyle = Automatic;
						TestTargetID = BF470DFD1F0AB8EF00811E4B;
					};
				};
			};
			buildConfigurationList = BF470DF91F0AB8EF00811E4B /* Build configuration list for PBXProject "weathere" */;
			compatibilityVersion = "Xcode 3.2";
			developmentRegion = English;
			hasScannedForEncodings = 0;
			knownRegions = (
				en,
				Base,
			);
			mainGroup = BF470DF51F0AB8EF00811E4B;
			productRefGroup = BF470DFF1F0AB8EF00811E4B /* Products */;
			projectDirPath = "";
			projectRoot = "";
			targets = (
				BF470DFD1F0AB8EF00811E4B /* weathere */,
				BF470E141F0AB8EF00811E4B /* weathereTests */,
				BF470E1F1F0AB8EF00811E4B /* weathereUITests */,
			);
		};
/* End PBXProject section */

/* Begin PBXResourcesBuildPhase section */
		BF470DFC1F0AB8EF00811E4B /* Resources */ = {
			isa = PBXResourcesBuildPhase;
			buildActionMask = 2147483647;
			files = (
				BF470E0F1F0AB8EF00811E4B /* LaunchScreen.storyboard in Resources */,
				BF470E0C1F0AB8EF00811E4B /* Assets.xcassets in Resources */,
				BF8354611F0E7DB200DBE9CA /* map-pointer_icon-icons.com_53949.png in Resources */,
				BF470E071F0AB8EF00811E4B /* Main.storyboard in Resources */,
				BFCFB13B1F1CF0BE00B38E8C /* imav.png in Resources */,
			);
			runOnlyForDeploymentPostprocessing = 0;
		};
		BF470E131F0AB8EF00811E4B /* Resources */ = {
			isa = PBXResourcesBuildPhase;
			buildActionMask = 2147483647;
			files = (
			);
			runOnlyForDeploymentPostprocessing = 0;
		};
		BF470E1E1F0AB8EF00811E4B /* Resources */ = {
			isa = PBXResourcesBuildPhase;
			buildActionMask = 2147483647;
			files = (
			);
			runOnlyForDeploymentPostprocessing = 0;
		};
/* End PBXResourcesBuildPhase section */

/* Begin PBXShellScriptBuildPhase section */
		1E575CA7FC933B27791A5EF9 /* [CP] Embed Pods Frameworks */ = {
			isa = PBXShellScriptBuildPhase;
			buildActionMask = 2147483647;
			files = (
			);
			inputPaths = (
			);
			name = "[CP] Embed Pods Frameworks";
			outputPaths = (
			);
			runOnlyForDeploymentPostprocessing = 0;
			shellPath = /bin/sh;
			shellScript = "\"${SRCROOT}/Pods/Target Support Files/Pods-weathereTests/Pods-weathereTests-frameworks.sh\"\n";
			showEnvVarsInLog = 0;
		};
		388474DBE2A93298C8FBD3F6 /* [CP] Check Pods Manifest.lock */ = {
			isa = PBXShellScriptBuildPhase;
			buildActionMask = 2147483647;
			files = (
			);
			inputPaths = (
			);
			name = "[CP] Check Pods Manifest.lock";
			outputPaths = (
			);
			runOnlyForDeploymentPostprocessing = 0;
			shellPath = /bin/sh;
			shellScript = "diff \"${PODS_PODFILE_DIR_PATH}/Podfile.lock\" \"${PODS_ROOT}/Manifest.lock\" > /dev/null\nif [ $? != 0 ] ; then\n    # print error to STDERR\n    echo \"error: The sandbox is not in sync with the Podfile.lock. Run 'pod install' or update your CocoaPods installation.\" >&2\n    exit 1\nfi\n";
			showEnvVarsInLog = 0;
		};
		4D0E4C9A7AB80A49E97828F3 /* [CP] Embed Pods Frameworks */ = {
			isa = PBXShellScriptBuildPhase;
			buildActionMask = 2147483647;
			files = (
			);
			inputPaths = (
			);
			name = "[CP] Embed Pods Frameworks";
			outputPaths = (
			);
			runOnlyForDeploymentPostprocessing = 0;
			shellPath = /bin/sh;
			shellScript = "\"${SRCROOT}/Pods/Target Support Files/Pods-weathereUITests/Pods-weathereUITests-frameworks.sh\"\n";
			showEnvVarsInLog = 0;
		};
		53CAFF524C8A4B66CA88D903 /* [CP] Copy Pods Resources */ = {
			isa = PBXShellScriptBuildPhase;
			buildActionMask = 2147483647;
			files = (
			);
			inputPaths = (
			);
			name = "[CP] Copy Pods Resources";
			outputPaths = (
			);
			runOnlyForDeploymentPostprocessing = 0;
			shellPath = /bin/sh;
			shellScript = "\"${SRCROOT}/Pods/Target Support Files/Pods-weathereUITests/Pods-weathereUITests-resources.sh\"\n";
			showEnvVarsInLog = 0;
		};
		5B7FB749F14CD41F28803998 /* [CP] Embed Pods Frameworks */ = {
			isa = PBXShellScriptBuildPhase;
			buildActionMask = 2147483647;
			files = (
			);
			inputPaths = (
			);
			name = "[CP] Embed Pods Frameworks";
			outputPaths = (
			);
			runOnlyForDeploymentPostprocessing = 0;
			shellPath = /bin/sh;
			shellScript = "\"${SRCROOT}/Pods/Target Support Files/Pods-weathere/Pods-weathere-frameworks.sh\"\n";
			showEnvVarsInLog = 0;
		};
		9010FAE1CD601092061B1516 /* [CP] Copy Pods Resources */ = {
			isa = PBXShellScriptBuildPhase;
			buildActionMask = 2147483647;
			files = (
			);
			inputPaths = (
			);
			name = "[CP] Copy Pods Resources";
			outputPaths = (
			);
			runOnlyForDeploymentPostprocessing = 0;
			shellPath = /bin/sh;
			shellScript = "\"${SRCROOT}/Pods/Target Support Files/Pods-weathere/Pods-weathere-resources.sh\"\n";
			showEnvVarsInLog = 0;
		};
		C1CB44278D3E37B3CB844B06 /* [CP] Check Pods Manifest.lock */ = {
			isa = PBXShellScriptBuildPhase;
			buildActionMask = 2147483647;
			files = (
			);
			inputPaths = (
			);
			name = "[CP] Check Pods Manifest.lock";
			outputPaths = (
			);
			runOnlyForDeploymentPostprocessing = 0;
			shellPath = /bin/sh;
			shellScript = "diff \"${PODS_PODFILE_DIR_PATH}/Podfile.lock\" \"${PODS_ROOT}/Manifest.lock\" > /dev/null\nif [ $? != 0 ] ; then\n    # print error to STDERR\n    echo \"error: The sandbox is not in sync with the Podfile.lock. Run 'pod install' or update your CocoaPods installation.\" >&2\n    exit 1\nfi\n";
			showEnvVarsInLog = 0;
		};
		DD1F27CC2E2D67E7F2208A58 /* [CP] Check Pods Manifest.lock */ = {
			isa = PBXShellScriptBuildPhase;
			buildActionMask = 2147483647;
			files = (
			);
			inputPaths = (
			);
			name = "[CP] Check Pods Manifest.lock";
			outputPaths = (
			);
			runOnlyForDeploymentPostprocessing = 0;
			shellPath = /bin/sh;
			shellScript = "diff \"${PODS_PODFILE_DIR_PATH}/Podfile.lock\" \"${PODS_ROOT}/Manifest.lock\" > /dev/null\nif [ $? != 0 ] ; then\n    # print error to STDERR\n    echo \"error: The sandbox is not in sync with the Podfile.lock. Run 'pod install' or update your CocoaPods installation.\" >&2\n    exit 1\nfi\n";
			showEnvVarsInLog = 0;
		};
		EB105F95920F4663BCAEDA1A /* [CP] Copy Pods Resources */ = {
			isa = PBXShellScriptBuildPhase;
			buildActionMask = 2147483647;
			files = (
			);
			inputPaths = (
			);
			name = "[CP] Copy Pods Resources";
			outputPaths = (
			);
			runOnlyForDeploymentPostprocessing = 0;
			shellPath = /bin/sh;
			shellScript = "\"${SRCROOT}/Pods/Target Support Files/Pods-weathereTests/Pods-weathereTests-resources.sh\"\n";
			showEnvVarsInLog = 0;
		};
/* End PBXShellScriptBuildPhase section */

/* Begin PBXSourcesBuildPhase section */
		BF470DFA1F0AB8EF00811E4B /* Sources */ = {
			isa = PBXSourcesBuildPhase;
			buildActionMask = 2147483647;
			files = (
				BF90504E1F1381E8004F71CE /* TheMainList.swift in Sources */,
				BFAB7B491F25EDF500FBCE7E /* FilesTasks.swift in Sources */,
				BF9050501F139A8C004F71CE /* POI.swift in Sources */,
				BF9050521F139EF9004F71CE /* TheMainListCell.swift in Sources */,
				BF470E041F0AB8EF00811E4B /* ViewController.swift in Sources */,
				BF7D7A4A1F1793E70067FB4C /* POIData.swift in Sources */,
				BF7D7A481F178F900067FB4C /* DataMan.swift in Sources */,
				BF470E0A1F0AB8EF00811E4B /* weathere.xcdatamodeld in Sources */,
				BF470E021F0AB8EF00811E4B /* AppDelegate.swift in Sources */,
				BF24EDB91F0E3BF100658BF6 /* MapViewController.swift in Sources */,
				BF7D7A4C1F17A2EE0067FB4C /* Temp.swift in Sources */,
				BF9050541F13B775004F71CE /* WebViewController.swift in Sources */,
			);
			runOnlyForDeploymentPostprocessing = 0;
		};
		BF470E111F0AB8EF00811E4B /* Sources */ = {
			isa = PBXSourcesBuildPhase;
			buildActionMask = 2147483647;
			files = (
				BF470E1A1F0AB8EF00811E4B /* weathereTests.swift in Sources */,
			);
			runOnlyForDeploymentPostprocessing = 0;
		};
		BF470E1C1F0AB8EF00811E4B /* Sources */ = {
			isa = PBXSourcesBuildPhase;
			buildActionMask = 2147483647;
			files = (
				BF470E251F0AB8EF00811E4B /* weathereUITests.swift in Sources */,
			);
			runOnlyForDeploymentPostprocessing = 0;
		};
/* End PBXSourcesBuildPhase section */

/* Begin PBXTargetDependency section */
		BF470E171F0AB8EF00811E4B /* PBXTargetDependency */ = {
			isa = PBXTargetDependency;
			target = BF470DFD1F0AB8EF00811E4B /* weathere */;
			targetProxy = BF470E161F0AB8EF00811E4B /* PBXContainerItemProxy */;
		};
		BF470E221F0AB8EF00811E4B /* PBXTargetDependency */ = {
			isa = PBXTargetDependency;
			target = BF470DFD1F0AB8EF00811E4B /* weathere */;
			targetProxy = BF470E211F0AB8EF00811E4B /* PBXContainerItemProxy */;
		};
/* End PBXTargetDependency section */

/* Begin PBXVariantGroup section */
		BF470E051F0AB8EF00811E4B /* Main.storyboard */ = {
			isa = PBXVariantGroup;
			children = (
				BF470E061F0AB8EF00811E4B /* Base */,
			);
			name = Main.storyboard;
			sourceTree = "<group>";
		};
		BF470E0D1F0AB8EF00811E4B /* LaunchScreen.storyboard */ = {
			isa = PBXVariantGroup;
			children = (
				BF470E0E1F0AB8EF00811E4B /* Base */,
			);
			name = LaunchScreen.storyboard;
			sourceTree = "<group>";
		};
/* End PBXVariantGroup section */

/* Begin XCBuildConfiguration section */
		BF470E271F0AB8EF00811E4B /* Debug */ = {
			isa = XCBuildConfiguration;
			buildSettings = {
				ALWAYS_SEARCH_USER_PATHS = NO;
				CLANG_ANALYZER_NONNULL = YES;
				CLANG_ANALYZER_NUMBER_OBJECT_CONVERSION = YES_AGGRESSIVE;
				CLANG_CXX_LANGUAGE_STANDARD = "gnu++0x";
				CLANG_CXX_LIBRARY = "libc++";
				CLANG_ENABLE_MODULES = YES;
				CLANG_ENABLE_OBJC_ARC = YES;
				CLANG_WARN_BOOL_CONVERSION = YES;
				CLANG_WARN_CONSTANT_CONVERSION = YES;
				CLANG_WARN_DIRECT_OBJC_ISA_USAGE = YES_ERROR;
				CLANG_WARN_DOCUMENTATION_COMMENTS = YES;
				CLANG_WARN_EMPTY_BODY = YES;
				CLANG_WARN_ENUM_CONVERSION = YES;
				CLANG_WARN_INFINITE_RECURSION = YES;
				CLANG_WARN_INT_CONVERSION = YES;
				CLANG_WARN_OBJC_ROOT_CLASS = YES_ERROR;
				CLANG_WARN_SUSPICIOUS_MOVE = YES;
				CLANG_WARN_UNREACHABLE_CODE = YES;
				CLANG_WARN__DUPLICATE_METHOD_MATCH = YES;
				"CODE_SIGN_IDENTITY[sdk=iphoneos*]" = "iPhone Developer";
				COPY_PHASE_STRIP = NO;
				DEBUG_INFORMATION_FORMAT = dwarf;
				ENABLE_STRICT_OBJC_MSGSEND = YES;
				ENABLE_TESTABILITY = YES;
				GCC_C_LANGUAGE_STANDARD = gnu99;
				GCC_DYNAMIC_NO_PIC = NO;
				GCC_NO_COMMON_BLOCKS = YES;
				GCC_OPTIMIZATION_LEVEL = 0;
				GCC_PREPROCESSOR_DEFINITIONS = (
					"DEBUG=1",
					"$(inherited)",
				);
				GCC_WARN_64_TO_32_BIT_CONVERSION = YES;
				GCC_WARN_ABOUT_RETURN_TYPE = YES_ERROR;
				GCC_WARN_UNDECLARED_SELECTOR = YES;
				GCC_WARN_UNINITIALIZED_AUTOS = YES_AGGRESSIVE;
				GCC_WARN_UNUSED_FUNCTION = YES;
				GCC_WARN_UNUSED_VARIABLE = YES;
				IPHONEOS_DEPLOYMENT_TARGET = 10.3;
				MTL_ENABLE_DEBUG_INFO = YES;
				ONLY_ACTIVE_ARCH = YES;
				SDKROOT = iphoneos;
				SWIFT_ACTIVE_COMPILATION_CONDITIONS = DEBUG;
				SWIFT_OPTIMIZATION_LEVEL = "-Onone";
			};
			name = Debug;
		};
		BF470E281F0AB8EF00811E4B /* Release */ = {
			isa = XCBuildConfiguration;
			buildSettings = {
				ALWAYS_SEARCH_USER_PATHS = NO;
				CLANG_ANALYZER_NONNULL = YES;
				CLANG_ANALYZER_NUMBER_OBJECT_CONVERSION = YES_AGGRESSIVE;
				CLANG_CXX_LANGUAGE_STANDARD = "gnu++0x";
				CLANG_CXX_LIBRARY = "libc++";
				CLANG_ENABLE_MODULES = YES;
				CLANG_ENABLE_OBJC_ARC = YES;
				CLANG_WARN_BOOL_CONVERSION = YES;
				CLANG_WARN_CONSTANT_CONVERSION = YES;
				CLANG_WARN_DIRECT_OBJC_ISA_USAGE = YES_ERROR;
				CLANG_WARN_DOCUMENTATION_COMMENTS = YES;
				CLANG_WARN_EMPTY_BODY = YES;
				CLANG_WARN_ENUM_CONVERSION = YES;
				CLANG_WARN_INFINITE_RECURSION = YES;
				CLANG_WARN_INT_CONVERSION = YES;
				CLANG_WARN_OBJC_ROOT_CLASS = YES_ERROR;
				CLANG_WARN_SUSPICIOUS_MOVE = YES;
				CLANG_WARN_UNREACHABLE_CODE = YES;
				CLANG_WARN__DUPLICATE_METHOD_MATCH = YES;
				"CODE_SIGN_IDENTITY[sdk=iphoneos*]" = "iPhone Developer";
				COPY_PHASE_STRIP = NO;
				DEBUG_INFORMATION_FORMAT = "dwarf-with-dsym";
				ENABLE_NS_ASSERTIONS = NO;
				ENABLE_STRICT_OBJC_MSGSEND = YES;
				GCC_C_LANGUAGE_STANDARD = gnu99;
				GCC_NO_COMMON_BLOCKS = YES;
				GCC_WARN_64_TO_32_BIT_CONVERSION = YES;
				GCC_WARN_ABOUT_RETURN_TYPE = YES_ERROR;
				GCC_WARN_UNDECLARED_SELECTOR = YES;
				GCC_WARN_UNINITIALIZED_AUTOS = YES_AGGRESSIVE;
				GCC_WARN_UNUSED_FUNCTION = YES;
				GCC_WARN_UNUSED_VARIABLE = YES;
				IPHONEOS_DEPLOYMENT_TARGET = 10.3;
				MTL_ENABLE_DEBUG_INFO = NO;
				SDKROOT = iphoneos;
				SWIFT_OPTIMIZATION_LEVEL = "-Owholemodule";
				VALIDATE_PRODUCT = YES;
			};
			name = Release;
		};
		BF470E2A1F0AB8EF00811E4B /* Debug */ = {
			isa = XCBuildConfiguration;
			baseConfigurationReference = 518098E9E9F42C15FBBCD739 /* Pods-weathere.debug.xcconfig */;
			buildSettings = {
				ASSETCATALOG_COMPILER_APPICON_NAME = AppIcon;
				DEVELOPMENT_TEAM = M5268ZTPTL;
				INFOPLIST_FILE = weathere/Info.plist;
				LD_RUNPATH_SEARCH_PATHS = "$(inherited) @executable_path/Frameworks";
				PRODUCT_BUNDLE_IDENTIFIER = AI.weathere;
				PRODUCT_NAME = "$(TARGET_NAME)";
				SWIFT_VERSION = 3.0;
			};
			name = Debug;
		};
		BF470E2B1F0AB8EF00811E4B /* Release */ = {
			isa = XCBuildConfiguration;
			baseConfigurationReference = 76FA915252165C4A94CB5AF5 /* Pods-weathere.release.xcconfig */;
			buildSettings = {
				ASSETCATALOG_COMPILER_APPICON_NAME = AppIcon;
				DEVELOPMENT_TEAM = M5268ZTPTL;
				INFOPLIST_FILE = weathere/Info.plist;
				LD_RUNPATH_SEARCH_PATHS = "$(inherited) @executable_path/Frameworks";
				PRODUCT_BUNDLE_IDENTIFIER = AI.weathere;
				PRODUCT_NAME = "$(TARGET_NAME)";
				SWIFT_VERSION = 3.0;
			};
			name = Release;
		};
		BF470E2D1F0AB8EF00811E4B /* Debug */ = {
			isa = XCBuildConfiguration;
			baseConfigurationReference = 2D5033692EE4FFC6A11DBB06 /* Pods-weathereTests.debug.xcconfig */;
			buildSettings = {
				ALWAYS_EMBED_SWIFT_STANDARD_LIBRARIES = YES;
				BUNDLE_LOADER = "$(TEST_HOST)";
				DEVELOPMENT_TEAM = M5268ZTPTL;
				INFOPLIST_FILE = weathereTests/Info.plist;
				LD_RUNPATH_SEARCH_PATHS = "$(inherited) @executable_path/Frameworks @loader_path/Frameworks";
				PRODUCT_BUNDLE_IDENTIFIER = AI.weathereTests;
				PRODUCT_NAME = "$(TARGET_NAME)";
				SWIFT_VERSION = 3.0;
				TEST_HOST = "$(BUILT_PRODUCTS_DIR)/weathere.app/weathere";
			};
			name = Debug;
		};
		BF470E2E1F0AB8EF00811E4B /* Release */ = {
			isa = XCBuildConfiguration;
			baseConfigurationReference = 7A1AFD12D268A295E67DD851 /* Pods-weathereTests.release.xcconfig */;
			buildSettings = {
				ALWAYS_EMBED_SWIFT_STANDARD_LIBRARIES = YES;
				BUNDLE_LOADER = "$(TEST_HOST)";
				DEVELOPMENT_TEAM = M5268ZTPTL;
				INFOPLIST_FILE = weathereTests/Info.plist;
				LD_RUNPATH_SEARCH_PATHS = "$(inherited) @executable_path/Frameworks @loader_path/Frameworks";
				PRODUCT_BUNDLE_IDENTIFIER = AI.weathereTests;
				PRODUCT_NAME = "$(TARGET_NAME)";
				SWIFT_VERSION = 3.0;
				TEST_HOST = "$(BUILT_PRODUCTS_DIR)/weathere.app/weathere";
			};
			name = Release;
		};
		BF470E301F0AB8EF00811E4B /* Debug */ = {
			isa = XCBuildConfiguration;
			baseConfigurationReference = EF0797EF241C83FDFF4CC7A6 /* Pods-weathereUITests.debug.xcconfig */;
			buildSettings = {
				ALWAYS_EMBED_SWIFT_STANDARD_LIBRARIES = YES;
				DEVELOPMENT_TEAM = M5268ZTPTL;
				INFOPLIST_FILE = weathereUITests/Info.plist;
				LD_RUNPATH_SEARCH_PATHS = "$(inherited) @executable_path/Frameworks @loader_path/Frameworks";
				PRODUCT_BUNDLE_IDENTIFIER = AI.weathereUITests;
				PRODUCT_NAME = "$(TARGET_NAME)";
				SWIFT_VERSION = 3.0;
				TEST_TARGET_NAME = weathere;
			};
			name = Debug;
		};
		BF470E311F0AB8EF00811E4B /* Release */ = {
			isa = XCBuildConfiguration;
			baseConfigurationReference = EAB8E7742249A77BBAE13E5B /* Pods-weathereUITests.release.xcconfig */;
			buildSettings = {
				ALWAYS_EMBED_SWIFT_STANDARD_LIBRARIES = YES;
				DEVELOPMENT_TEAM = M5268ZTPTL;
				INFOPLIST_FILE = weathereUITests/Info.plist;
				LD_RUNPATH_SEARCH_PATHS = "$(inherited) @executable_path/Frameworks @loader_path/Frameworks";
				PRODUCT_BUNDLE_IDENTIFIER = AI.weathereUITests;
				PRODUCT_NAME = "$(TARGET_NAME)";
				SWIFT_VERSION = 3.0;
				TEST_TARGET_NAME = weathere;
			};
			name = Release;
		};
/* End XCBuildConfiguration section */

/* Begin XCConfigurationList section */
		BF470DF91F0AB8EF00811E4B /* Build configuration list for PBXProject "weathere" */ = {
			isa = XCConfigurationList;
			buildConfigurations = (
				BF470E271F0AB8EF00811E4B /* Debug */,
				BF470E281F0AB8EF00811E4B /* Release */,
			);
			defaultConfigurationIsVisible = 0;
			defaultConfigurationName = Release;
		};
		BF470E291F0AB8EF00811E4B /* Build configuration list for PBXNativeTarget "weathere" */ = {
			isa = XCConfigurationList;
			buildConfigurations = (
				BF470E2A1F0AB8EF00811E4B /* Debug */,
				BF470E2B1F0AB8EF00811E4B /* Release */,
			);
			defaultConfigurationIsVisible = 0;
			defaultConfigurationName = Release;
		};
		BF470E2C1F0AB8EF00811E4B /* Build configuration list for PBXNativeTarget "weathereTests" */ = {
			isa = XCConfigurationList;
			buildConfigurations = (
				BF470E2D1F0AB8EF00811E4B /* Debug */,
				BF470E2E1F0AB8EF00811E4B /* Release */,
			);
			defaultConfigurationIsVisible = 0;
			defaultConfigurationName = Release;
		};
		BF470E2F1F0AB8EF00811E4B /* Build configuration list for PBXNativeTarget "weathereUITests" */ = {
			isa = XCConfigurationList;
			buildConfigurations = (
				BF470E301F0AB8EF00811E4B /* Debug */,
				BF470E311F0AB8EF00811E4B /* Release */,
			);
			defaultConfigurationIsVisible = 0;
			defaultConfigurationName = Release;
		};
/* End XCConfigurationList section */

/* Begin XCVersionGroup section */
		BF470E081F0AB8EF00811E4B /* weathere.xcdatamodeld */ = {
			isa = XCVersionGroup;
			children = (
				BF470E091F0AB8EF00811E4B /* weathere.xcdatamodel */,
			);
			currentVersion = BF470E091F0AB8EF00811E4B /* weathere.xcdatamodel */;
			path = weathere.xcdatamodeld;
			sourceTree = "<group>";
			versionGroupType = wrapper.xcdatamodel;
		};
/* End XCVersionGroup section */
	};
	rootObject = BF470DF61F0AB8EF00811E4B /* Project object */;
}
